// !$*UTF8*$!
{
	archiveVersion = 1;
	classes = {
	};
	objectVersion = 77;
	objects = {

/* Begin PBXBuildFile section */
		7B4A10012F923FC200B4E3D3 /* AcademicAtelierWidget.appex in Embed App Extensions */ = {isa = PBXBuildFile; fileRef = 7B4A10002F923FC200B4E3D3 /* AcademicAtelierWidget.appex */; };
		7B4A10042F923FC200B4E3D3 /* AcademicAtelierWidget.swift in Sources */ = {isa = PBXBuildFile; fileRef = 7B4A10032F923FC200B4E3D3 /* AcademicAtelierWidget.swift */; };
		7B4A10062F923FC200B4E3D3 /* WidgetEntry.swift in Sources */ = {isa = PBXBuildFile; fileRef = 7B4A10052F923FC200B4E3D3 /* WidgetEntry.swift */; };
		7B4A10082F923FC200B4E3D3 /* WidgetProvider.swift in Sources */ = {isa = PBXBuildFile; fileRef = 7B4A10072F923FC200B4E3D3 /* WidgetProvider.swift */; };
		7B4A100A2F923FC200B4E3D3 /* WidgetViews.swift in Sources */ = {isa = PBXBuildFile; fileRef = 7B4A10092F923FC200B4E3D3 /* WidgetViews.swift */; };
		7B4A100C2F923FC200B4E3D3 /* Academic Atelier/Models/WidgetSummaryModels.swift in Sources */ = {isa = PBXBuildFile; fileRef = 7B4A100B2F923FC200B4E3D3 /* Academic Atelier/Models/WidgetSummaryModels.swift */; };
		7B4A100E2F923FC200B4E3D3 /* Academic Atelier/Services/WidgetCacheService.swift in Sources */ = {isa = PBXBuildFile; fileRef = 7B4A100D2F923FC200B4E3D3 /* Academic Atelier/Services/WidgetCacheService.swift */; };
/* End PBXBuildFile section */

/* Begin PBXContainerItemProxy section */
		39F8AEE72F923FC200B4E3D3 /* PBXContainerItemProxy */ = {
			isa = PBXContainerItemProxy;
			containerPortal = 39F8AECF2F923FBF00B4E3D3 /* Project object */;
			proxyType = 1;
			remoteGlobalIDString = 39F8AED62F923FBF00B4E3D3;
			remoteInfo = "AL Revision Companion";
		};
		39F8AEF12F923FC200B4E3D3 /* PBXContainerItemProxy */ = {
			isa = PBXContainerItemProxy;
			containerPortal = 39F8AECF2F923FBF00B4E3D3 /* Project object */;
			proxyType = 1;
			remoteGlobalIDString = 39F8AED62F923FBF00B4E3D3;
			remoteInfo = "AL Revision Companion";
		};
		7B4A101C2F923FC200B4E3D3 /* PBXContainerItemProxy */ = {
			isa = PBXContainerItemProxy;
			containerPortal = 39F8AECF2F923FBF00B4E3D3 /* Project object */;
			proxyType = 1;
			remoteGlobalIDString = 7B4A10122F923FC200B4E3D3;
			remoteInfo = AcademicAtelierWidgetExtension;
		};
/* End PBXContainerItemProxy section */

/* Begin PBXCopyFilesBuildPhase section */
		7B4A100F2F923FC200B4E3D3 /* Embed App Extensions */ = {
			isa = PBXCopyFilesBuildPhase;
			buildActionMask = 2147483647;
			dstPath = "";
			dstSubfolderSpec = 13;
			files = (
				7B4A10012F923FC200B4E3D3 /* AcademicAtelierWidget.appex in Embed App Extensions */,
			);
			name = "Embed App Extensions";
			runOnlyForDeploymentPostprocessing = 0;
		};
/* End PBXCopyFilesBuildPhase section */

/* Begin PBXFileReference section */
		39F8AED72F923FBF00B4E3D3 /* AL Revision Companion.app */ = {isa = PBXFileReference; explicitFileType = wrapper.application; includeInIndex = 0; path = "AL Revision Companion.app"; sourceTree = BUILT_PRODUCTS_DIR; };
		39F8AEE62F923FC200B4E3D3 /* AL Revision CompanionTests.xctest */ = {isa = PBXFileReference; explicitFileType = wrapper.cfbundle; includeInIndex = 0; path = "AL Revision CompanionTests.xctest"; sourceTree = BUILT_PRODUCTS_DIR; };
		39F8AEF02F923FC200B4E3D3 /* AL Revision CompanionUITests.xctest */ = {isa = PBXFileReference; explicitFileType = wrapper.cfbundle; includeInIndex = 0; path = "AL Revision CompanionUITests.xctest"; sourceTree = BUILT_PRODUCTS_DIR; };
		7B4A10002F923FC200B4E3D3 /* AcademicAtelierWidget.appex */ = {isa = PBXFileReference; explicitFileType = "wrapper.app-extension"; includeInIndex = 0; name = AcademicAtelierWidget.appex; path = AcademicAtelierWidgetExtension.appex; sourceTree = BUILT_PRODUCTS_DIR; };
		7B4A10032F923FC200B4E3D3 /* AcademicAtelierWidget.swift */ = {isa = PBXFileReference; lastKnownFileType = sourcecode.swift; path = AcademicAtelierWidget.swift; sourceTree = "<group>"; };
		7B4A10052F923FC200B4E3D3 /* WidgetEntry.swift */ = {isa = PBXFileReference; lastKnownFileType = sourcecode.swift; path = WidgetEntry.swift; sourceTree = "<group>"; };
		7B4A10072F923FC200B4E3D3 /* WidgetProvider.swift */ = {isa = PBXFileReference; lastKnownFileType = sourcecode.swift; path = WidgetProvider.swift; sourceTree = "<group>"; };
		7B4A10092F923FC200B4E3D3 /* WidgetViews.swift */ = {isa = PBXFileReference; lastKnownFileType = sourcecode.swift; path = WidgetViews.swift; sourceTree = "<group>"; };
		7B4A100B2F923FC200B4E3D3 /* Academic Atelier/Models/WidgetSummaryModels.swift */ = {isa = PBXFileReference; lastKnownFileType = sourcecode.swift; path = "Academic Atelier/Models/WidgetSummaryModels.swift"; sourceTree = SOURCE_ROOT; };
		7B4A100D2F923FC200B4E3D3 /* Academic Atelier/Services/WidgetCacheService.swift */ = {isa = PBXFileReference; lastKnownFileType = sourcecode.swift; path = "Academic Atelier/Services/WidgetCacheService.swift"; sourceTree = SOURCE_ROOT; };
/* End PBXFileReference section */

/* Begin PBXFileSystemSynchronizedRootGroup section */
		39F8AED92F923FBF00B4E3D3 /* Academic Atelier */ = {
			isa = PBXFileSystemSynchronizedRootGroup;
			path = "Academic Atelier";
			sourceTree = "<group>";
		};
		39F8AEE92F923FC200B4E3D3 /* Academic AtelierTests */ = {
			isa = PBXFileSystemSynchronizedRootGroup;
			path = "Academic AtelierTests";
			sourceTree = "<group>";
		};
		39F8AEF32F923FC200B4E3D3 /* Academic AtelierUITests */ = {
			isa = PBXFileSystemSynchronizedRootGroup;
			path = "Academic AtelierUITests";
			sourceTree = "<group>";
		};
/* End PBXFileSystemSynchronizedRootGroup section */

/* Begin PBXFrameworksBuildPhase section */
		39F8AED42F923FBF00B4E3D3 /* Frameworks */ = {
			isa = PBXFrameworksBuildPhase;
			buildActionMask = 2147483647;
			files = (
			);
			runOnlyForDeploymentPostprocessing = 0;
		};
		39F8AEE32F923FC200B4E3D3 /* Frameworks */ = {
			isa = PBXFrameworksBuildPhase;
			buildActionMask = 2147483647;
			files = (
			);
			runOnlyForDeploymentPostprocessing = 0;
		};
		39F8AEED2F923FC200B4E3D3 /* Frameworks */ = {
			isa = PBXFrameworksBuildPhase;
			buildActionMask = 2147483647;
			files = (
			);
			runOnlyForDeploymentPostprocessing = 0;
		};
		7B4A10152F923FC200B4E3D3 /* Frameworks */ = {
			isa = PBXFrameworksBuildPhase;
			buildActionMask = 2147483647;
			files = (
			);
			runOnlyForDeploymentPostprocessing = 0;
		};
/* End PBXFrameworksBuildPhase section */

/* Begin PBXGroup section */
		39F8AECE2F923FBF00B4E3D3 = {
			isa = PBXGroup;
			children = (
				39F8AED92F923FBF00B4E3D3 /* Academic Atelier */,
				7B4A10112F923FC200B4E3D3 /* AcademicAtelierWidgetExtension */,
				39F8AEE92F923FC200B4E3D3 /* Academic AtelierTests */,
				39F8AEF32F923FC200B4E3D3 /* Academic AtelierUITests */,
				39F8AED82F923FBF00B4E3D3 /* Products */,
			);
			sourceTree = "<group>";
		};
		39F8AED82F923FBF00B4E3D3 /* Products */ = {
			isa = PBXGroup;
			children = (
				39F8AED72F923FBF00B4E3D3 /* AL Revision Companion.app */,
				7B4A10002F923FC200B4E3D3 /* AcademicAtelierWidget.appex */,
				39F8AEE62F923FC200B4E3D3 /* AL Revision CompanionTests.xctest */,
				39F8AEF02F923FC200B4E3D3 /* AL Revision CompanionUITests.xctest */,
			);
			name = Products;
			sourceTree = "<group>";
		};
		7B4A10112F923FC200B4E3D3 /* AcademicAtelierWidgetExtension */ = {
			isa = PBXGroup;
			children = (
				7B4A10032F923FC200B4E3D3 /* AcademicAtelierWidget.swift */,
				7B4A10052F923FC200B4E3D3 /* WidgetEntry.swift */,
				7B4A10072F923FC200B4E3D3 /* WidgetProvider.swift */,
				7B4A10092F923FC200B4E3D3 /* WidgetViews.swift */,
				7B4A100B2F923FC200B4E3D3 /* Academic Atelier/Models/WidgetSummaryModels.swift */,
				7B4A100D2F923FC200B4E3D3 /* Academic Atelier/Services/WidgetCacheService.swift */,
			);
			path = AcademicAtelierWidgetExtension;
			sourceTree = "<group>";
		};
/* End PBXGroup section */

/* Begin PBXNativeTarget section */
		39F8AED62F923FBF00B4E3D3 /* AL Revision Companion */ = {
			isa = PBXNativeTarget;
			buildConfigurationList = 39F8AEFA2F923FC200B4E3D3 /* Build configuration list for PBXNativeTarget "AL Revision Companion" */;
			buildPhases = (
				39F8AED32F923FBF00B4E3D3 /* Sources */,
				39F8AED42F923FBF00B4E3D3 /* Frameworks */,
				39F8AED52F923FBF00B4E3D3 /* Resources */,
				7B4A100F2F923FC200B4E3D3 /* Embed App Extensions */,
			);
			buildRules = (
			);
			dependencies = (
				7B4A101D2F923FC200B4E3D3 /* PBXTargetDependency */,
			);
			fileSystemSynchronizedGroups = (
				39F8AED92F923FBF00B4E3D3 /* Academic Atelier */,
			);
			name = "AL Revision Companion";
			packageProductDependencies = (
			);
			productName = "AL Revision Companion";
			productReference = 39F8AED72F923FBF00B4E3D3 /* AL Revision Companion.app */;
			productType = "com.apple.product-type.application";
		};
		39F8AEE52F923FC200B4E3D3 /* AL Revision CompanionTests */ = {
			isa = PBXNativeTarget;
			buildConfigurationList = 39F8AEFD2F923FC200B4E3D3 /* Build configuration list for PBXNativeTarget "AL Revision CompanionTests" */;
			buildPhases = (
				39F8AEE22F923FC200B4E3D3 /* Sources */,
				39F8AEE32F923FC200B4E3D3 /* Frameworks */,
				39F8AEE42F923FC200B4E3D3 /* Resources */,
			);
			buildRules = (
			);
			dependencies = (
				39F8AEE82F923FC200B4E3D3 /* PBXTargetDependency */,
			);
			fileSystemSynchronizedGroups = (
				39F8AEE92F923FC200B4E3D3 /* Academic AtelierTests */,
			);
			name = "AL Revision CompanionTests";
			packageProductDependencies = (
			);
			productName = "AL Revision CompanionTests";
			productReference = 39F8AEE62F923FC200B4E3D3 /* AL Revision CompanionTests.xctest */;
			productType = "com.apple.product-type.bundle.unit-test";
		};
		39F8AEEF2F923FC200B4E3D3 /* AL Revision CompanionUITests */ = {
			isa = PBXNativeTarget;
			buildConfigurationList = 39F8AF002F923FC200B4E3D3 /* Build configuration list for PBXNativeTarget "AL Revision CompanionUITests" */;
			buildPhases = (
				39F8AEEC2F923FC200B4E3D3 /* Sources */,
				39F8AEED2F923FC200B4E3D3 /* Frameworks */,
				39F8AEEE2F923FC200B4E3D3 /* Resources */,
			);
			buildRules = (
			);
			dependencies = (
				39F8AEF22F923FC200B4E3D3 /* PBXTargetDependency */,
			);
			fileSystemSynchronizedGroups = (
				39F8AEF32F923FC200B4E3D3 /* Academic AtelierUITests */,
			);
			name = "AL Revision CompanionUITests";
			packageProductDependencies = (
			);
			productName = "AL Revision CompanionUITests";
			productReference = 39F8AEF02F923FC200B4E3D3 /* AL Revision CompanionUITests.xctest */;
			productType = "com.apple.product-type.bundle.ui-testing";
		};
		7B4A10122F923FC200B4E3D3 /* AcademicAtelierWidgetExtension */ = {
			isa = PBXNativeTarget;
			buildConfigurationList = 7B4A10192F923FC200B4E3D3 /* Build configuration list for PBXNativeTarget "AcademicAtelierWidgetExtension" */;
			buildPhases = (
				7B4A10142F923FC200B4E3D3 /* Sources */,
				7B4A10152F923FC200B4E3D3 /* Frameworks */,
				7B4A10162F923FC200B4E3D3 /* Resources */,
			);
			buildRules = (
			);
			dependencies = (
			);
			name = AcademicAtelierWidgetExtension;
			packageProductDependencies = (
			);
			productName = AcademicAtelierWidget;
			productReference = 7B4A10002F923FC200B4E3D3 /* AcademicAtelierWidget.appex */;
			productType = "com.apple.product-type.app-extension";
		};
/* End PBXNativeTarget section */

/* Begin PBXProject section */
		39F8AECF2F923FBF00B4E3D3 /* Project object */ = {
			isa = PBXProject;
			attributes = {
				BuildIndependentTargetsInParallel = 1;
				LastSwiftUpdateCheck = 1640;
				LastUpgradeCheck = 1640;
				TargetAttributes = {
					39F8AED62F923FBF00B4E3D3 = {
						CreatedOnToolsVersion = 16.4;
					};
					39F8AEE52F923FC200B4E3D3 = {
						CreatedOnToolsVersion = 16.4;
						TestTargetID = 39F8AED62F923FBF00B4E3D3;
					};
					39F8AEEF2F923FC200B4E3D3 = {
						CreatedOnToolsVersion = 16.4;
						TestTargetID = 39F8AED62F923FBF00B4E3D3;
					};
					7B4A10122F923FC200B4E3D3 = {
						CreatedOnToolsVersion = 16.4;
					};
				};
			};
			buildConfigurationList = 39F8AED22F923FBF00B4E3D3 /* Build configuration list for PBXProject "Academic Atelier" */;
			developmentRegion = en;
			hasScannedForEncodings = 0;
			knownRegions = (
				en,
				Base,
			);
			mainGroup = 39F8AECE2F923FBF00B4E3D3;
			minimizedProjectReferenceProxies = 1;
			preferredProjectObjectVersion = 77;
			productRefGroup = 39F8AED82F923FBF00B4E3D3 /* Products */;
			projectDirPath = "";
			projectRoot = "";
			targets = (
				39F8AED62F923FBF00B4E3D3 /* AL Revision Companion */,
				7B4A10122F923FC200B4E3D3 /* AcademicAtelierWidgetExtension */,
				39F8AEE52F923FC200B4E3D3 /* AL Revision CompanionTests */,
				39F8AEEF2F923FC200B4E3D3 /* AL Revision CompanionUITests */,
			);
		};
/* End PBXProject section */

/* Begin PBXResourcesBuildPhase section */
		39F8AED52F923FBF00B4E3D3 /* Resources */ = {
			isa = PBXResourcesBuildPhase;
			buildActionMask = 2147483647;
			files = (
			);
			runOnlyForDeploymentPostprocessing = 0;
		};
		39F8AEE42F923FC200B4E3D3 /* Resources */ = {
			isa = PBXResourcesBuildPhase;
			buildActionMask = 2147483647;
			files = (
			);
			runOnlyForDeploymentPostprocessing = 0;
		};
		39F8AEEE2F923FC200B4E3D3 /* Resources */ = {
			isa = PBXResourcesBuildPhase;
			buildActionMask = 2147483647;
			files = (
			);
			runOnlyForDeploymentPostprocessing = 0;
		};
		7B4A10162F923FC200B4E3D3 /* Resources */ = {
			isa = PBXResourcesBuildPhase;
			buildActionMask = 2147483647;
			files = (
			);
			runOnlyForDeploymentPostprocessing = 0;
		};
/* End PBXResourcesBuildPhase section */

/* Begin PBXSourcesBuildPhase section */
		39F8AED32F923FBF00B4E3D3 /* Sources */ = {
			isa = PBXSourcesBuildPhase;
			buildActionMask = 2147483647;
			files = (
			);
			runOnlyForDeploymentPostprocessing = 0;
		};
		39F8AEE22F923FC200B4E3D3 /* Sources */ = {
			isa = PBXSourcesBuildPhase;
			buildActionMask = 2147483647;
			files = (
			);
			runOnlyForDeploymentPostprocessing = 0;
		};
		39F8AEEC2F923FC200B4E3D3 /* Sources */ = {
			isa = PBXSourcesBuildPhase;
			buildActionMask = 2147483647;
			files = (
			);
			runOnlyForDeploymentPostprocessing = 0;
		};
		7B4A10142F923FC200B4E3D3 /* Sources */ = {
			isa = PBXSourcesBuildPhase;
			buildActionMask = 2147483647;
			files = (
				7B4A10042F923FC200B4E3D3 /* AcademicAtelierWidget.swift in Sources */,
				7B4A10062F923FC200B4E3D3 /* WidgetEntry.swift in Sources */,
				7B4A10082F923FC200B4E3D3 /* WidgetProvider.swift in Sources */,
				7B4A100A2F923FC200B4E3D3 /* WidgetViews.swift in Sources */,
				7B4A100C2F923FC200B4E3D3 /* Academic Atelier/Models/WidgetSummaryModels.swift in Sources */,
				7B4A100E2F923FC200B4E3D3 /* Academic Atelier/Services/WidgetCacheService.swift in Sources */,
			);
			runOnlyForDeploymentPostprocessing = 0;
		};
/* End PBXSourcesBuildPhase section */

/* Begin PBXTargetDependency section */
		39F8AEE82F923FC200B4E3D3 /* PBXTargetDependency */ = {
			isa = PBXTargetDependency;
			target = 39F8AED62F923FBF00B4E3D3 /* AL Revision Companion */;
			targetProxy = 39F8AEE72F923FC200B4E3D3 /* PBXContainerItemProxy */;
		};
		39F8AEF22F923FC200B4E3D3 /* PBXTargetDependency */ = {
			isa = PBXTargetDependency;
			target = 39F8AED62F923FBF00B4E3D3 /* AL Revision Companion */;
			targetProxy = 39F8AEF12F923FC200B4E3D3 /* PBXContainerItemProxy */;
		};
		7B4A101D2F923FC200B4E3D3 /* PBXTargetDependency */ = {
			isa = PBXTargetDependency;
			target = 7B4A10122F923FC200B4E3D3 /* AcademicAtelierWidgetExtension */;
			targetProxy = 7B4A101C2F923FC200B4E3D3 /* PBXContainerItemProxy */;
		};
/* End PBXTargetDependency section */

/* Begin XCBuildConfiguration section */
		39F8AEF82F923FC200B4E3D3 /* Debug */ = {
			isa = XCBuildConfiguration;
			buildSettings = {
				ALWAYS_SEARCH_USER_PATHS = NO;
				ASSETCATALOG_COMPILER_GENERATE_SWIFT_ASSET_SYMBOL_EXTENSIONS = YES;
				CLANG_ANALYZER_NONNULL = YES;
				CLANG_ANALYZER_NUMBER_OBJECT_CONVERSION = YES_AGGRESSIVE;
				CLANG_CXX_LANGUAGE_STANDARD = "gnu++20";
				CLANG_ENABLE_MODULES = YES;
				CLANG_ENABLE_OBJC_ARC = YES;
				CLANG_ENABLE_OBJC_WEAK = YES;
				CLANG_WARN_BLOCK_CAPTURE_AUTORELEASING = YES;
				CLANG_WARN_BOOL_CONVERSION = YES;
				CLANG_WARN_COMMA = YES;
				CLANG_WARN_CONSTANT_CONVERSION = YES;
				CLANG_WARN_DEPRECATED_OBJC_IMPLEMENTATIONS = YES;
				CLANG_WARN_DIRECT_OBJC_ISA_USAGE = YES_ERROR;
				CLANG_WARN_DOCUMENTATION_COMMENTS = YES;
				CLANG_WARN_EMPTY_BODY = YES;
				CLANG_WARN_ENUM_CONVERSION = YES;
				CLANG_WARN_INFINITE_RECURSION = YES;
				CLANG_WARN_INT_CONVERSION = YES;
				CLANG_WARN_NON_LITERAL_NULL_CONVERSION = YES;
				CLANG_WARN_OBJC_IMPLICIT_RETAIN_SELF = YES;
				CLANG_WARN_OBJC_LITERAL_CONVERSION = YES;
				CLANG_WARN_OBJC_ROOT_CLASS = YES_ERROR;
				CLANG_WARN_QUOTED_INCLUDE_IN_FRAMEWORK_HEADER = YES;
				CLANG_WARN_RANGE_LOOP_ANALYSIS = YES;
				CLANG_WARN_STRICT_PROTOTYPES = YES;
				CLANG_WARN_SUSPICIOUS_MOVE = YES;
				CLANG_WARN_UNGUARDED_AVAILABILITY = YES_AGGRESSIVE;
				CLANG_WARN_UNREACHABLE_CODE = YES;
				CLANG_WARN__DUPLICATE_METHOD_MATCH = YES;
				COPY_PHASE_STRIP = NO;
				DEBUG_INFORMATION_FORMAT = dwarf;
				ENABLE_STRICT_OBJC_MSGSEND = YES;
				ENABLE_TESTABILITY = YES;
				ENABLE_USER_SCRIPT_SANDBOXING = YES;
				GCC_C_LANGUAGE_STANDARD = gnu17;
				GCC_DYNAMIC_NO_PIC = NO;
				GCC_NO_COMMON_BLOCKS = YES;
				GCC_OPTIMIZATION_LEVEL = 0;
				GCC_PREPROCESSOR_DEFINITIONS = (
					"DEBUG=1",
					"$(inherited)",
				);
				GCC_WARN_64_TO_32_BIT_CONVERSION = YES;
				GCC_WARN_ABOUT_RETURN_TYPE = YES_ERROR;
				GCC_WARN_UNDECLARED_SELECTOR = YES;
				GCC_WARN_UNINITIALIZED_AUTOS = YES_AGGRESSIVE;
				GCC_WARN_UNUSED_FUNCTION = YES;
				GCC_WARN_UNUSED_VARIABLE = YES;
				IPHONEOS_DEPLOYMENT_TARGET = 18.5;
				LOCALIZATION_PREFERS_STRING_CATALOGS = YES;
				MTL_ENABLE_DEBUG_INFO = INCLUDE_SOURCE;
				MTL_FAST_MATH = YES;
				ONLY_ACTIVE_ARCH = YES;
				SDKROOT = iphoneos;
				SWIFT_ACTIVE_COMPILATION_CONDITIONS = "DEBUG $(inherited)";
				SWIFT_OPTIMIZATION_LEVEL = "-Onone";
			};
			name = Debug;
		};
		39F8AEF92F923FC200B4E3D3 /* Release */ = {
			isa = XCBuildConfiguration;
			buildSettings = {
				ALWAYS_SEARCH_USER_PATHS = NO;
				ASSETCATALOG_COMPILER_GENERATE_SWIFT_ASSET_SYMBOL_EXTENSIONS = YES;
				CLANG_ANALYZER_NONNULL = YES;
				CLANG_ANALYZER_NUMBER_OBJECT_CONVERSION = YES_AGGRESSIVE;
				CLANG_CXX_LANGUAGE_STANDARD = "gnu++20";
				CLANG_ENABLE_MODULES = YES;
				CLANG_ENABLE_OBJC_ARC = YES;
				CLANG_ENABLE_OBJC_WEAK = YES;
				CLANG_WARN_BLOCK_CAPTURE_AUTORELEASING = YES;
				CLANG_WARN_BOOL_CONVERSION = YES;
				CLANG_WARN_COMMA = YES;
				CLANG_WARN_CONSTANT_CONVERSION = YES;
				CLANG_WARN_DEPRECATED_OBJC_IMPLEMENTATIONS = YES;
				CLANG_WARN_DIRECT_OBJC_ISA_USAGE = YES_ERROR;
				CLANG_WARN_DOCUMENTATION_COMMENTS = YES;
				CLANG_WARN_EMPTY_BODY = YES;
				CLANG_WARN_ENUM_CONVERSION = YES;
				CLANG_WARN_INFINITE_RECURSION = YES;
				CLANG_WARN_INT_CONVERSION = YES;
				CLANG_WARN_NON_LITERAL_NULL_CONVERSION = YES;
				CLANG_WARN_OBJC_IMPLICIT_RETAIN_SELF = YES;
				CLANG_WARN_OBJC_LITERAL_CONVERSION = YES;
				CLANG_WARN_OBJC_ROOT_CLASS = YES_ERROR;
				CLANG_WARN_QUOTED_INCLUDE_IN_FRAMEWORK_HEADER = YES;
				CLANG_WARN_RANGE_LOOP_ANALYSIS = YES;
				CLANG_WARN_STRICT_PROTOTYPES = YES;
				CLANG_WARN_SUSPICIOUS_MOVE = YES;
				CLANG_WARN_UNGUARDED_AVAILABILITY = YES_AGGRESSIVE;
				CLANG_WARN_UNREACHABLE_CODE = YES;
				CLANG_WARN__DUPLICATE_METHOD_MATCH = YES;
				COPY_PHASE_STRIP = NO;
				DEBUG_INFORMATION_FORMAT = "dwarf-with-dsym";
				ENABLE_NS_ASSERTIONS = NO;
				ENABLE_STRICT_OBJC_MSGSEND = YES;
				ENABLE_USER_SCRIPT_SANDBOXING = YES;
				GCC_C_LANGUAGE_STANDARD = gnu17;
				GCC_NO_COMMON_BLOCKS = YES;
				GCC_WARN_64_TO_32_BIT_CONVERSION = YES;
				GCC_WARN_ABOUT_RETURN_TYPE = YES_ERROR;
				GCC_WARN_UNDECLARED_SELECTOR = YES;
				GCC_WARN_UNINITIALIZED_AUTOS = YES_AGGRESSIVE;
				GCC_WARN_UNUSED_FUNCTION = YES;
				GCC_WARN_UNUSED_VARIABLE = YES;
				IPHONEOS_DEPLOYMENT_TARGET = 18.5;
				LOCALIZATION_PREFERS_STRING_CATALOGS = YES;
				MTL_ENABLE_DEBUG_INFO = NO;
				MTL_FAST_MATH = YES;
				SDKROOT = iphoneos;
				SWIFT_COMPILATION_MODE = wholemodule;
				VALIDATE_PRODUCT = YES;
			};
			name = Release;
		};
		39F8AEFB2F923FC200B4E3D3 /* Debug */ = {
			isa = XCBuildConfiguration;
			buildSettings = {
				ASSETCATALOG_COMPILER_APPICON_NAME = AppIcon;
				ASSETCATALOG_COMPILER_GLOBAL_ACCENT_COLOR_NAME = AccentColor;
				CODE_SIGN_ENTITLEMENTS = "Academic Atelier/AcademicAtelier.entitlements";
				CODE_SIGN_STYLE = Automatic;
				CURRENT_PROJECT_VERSION = 1;
				DEVELOPMENT_TEAM = "";
				ENABLE_PREVIEWS = YES;
				GENERATE_INFOPLIST_FILE = YES;
				INFOPLIST_KEY_API_BASE_URL = "http://192.168.8.104:5001/api";
				INFOPLIST_KEY_CFBundleDisplayName = "A/L Revision Companion";
				INFOPLIST_KEY_CFBundleURLTypes_0_CFBundleTypeRole = Editor;
				INFOPLIST_KEY_CFBundleURLTypes_0_CFBundleURLName = academicatelier;
				INFOPLIST_KEY_CFBundleURLTypes_0_CFBundleURLSchemes_0 = academicatelier;
				INFOPLIST_KEY_NSAppTransportSecurity_NSAllowsLocalNetworking = YES;
				INFOPLIST_KEY_NSFaceIDUsageDescription = "Use Face ID to unlock your A/L Revision Companion session faster.";
				INFOPLIST_KEY_UIApplicationSceneManifest_Generation = YES;
				INFOPLIST_KEY_UIApplicationSupportsIndirectInputEvents = YES;
				INFOPLIST_KEY_UILaunchScreen_Generation = YES;
				INFOPLIST_KEY_UISupportedInterfaceOrientations_iPad = "UIInterfaceOrientationPortrait UIInterfaceOrientationPortraitUpsideDown UIInterfaceOrientationLandscapeLeft UIInterfaceOrientationLandscapeRight";
				INFOPLIST_KEY_UISupportedInterfaceOrientations_iPhone = "UIInterfaceOrientationPortrait UIInterfaceOrientationLandscapeLeft UIInterfaceOrientationLandscapeRight";
				LD_RUNPATH_SEARCH_PATHS = (
					"$(inherited)",
					"@executable_path/Frameworks",
				);
				MARKETING_VERSION = 1.0;
				PRODUCT_BUNDLE_IDENTIFIER = com.dilsha.alrevisioncompanion;
				PRODUCT_NAME = "$(TARGET_NAME)";
				SWIFT_EMIT_LOC_STRINGS = YES;
				SWIFT_MODULE_NAME = AL_Revision_Companion;
				SWIFT_VERSION = 5.0;
				TARGETED_DEVICE_FAMILY = "1,2";
			};
			name = Debug;
		};
		39F8AEFC2F923FC200B4E3D3 /* Release */ = {
			isa = XCBuildConfiguration;
			buildSettings = {
				ASSETCATALOG_COMPILER_APPICON_NAME = AppIcon;
				ASSETCATALOG_COMPILER_GLOBAL_ACCENT_COLOR_NAME = AccentColor;
				CODE_SIGN_ENTITLEMENTS = "Academic Atelier/AcademicAtelier.entitlements";
				CODE_SIGN_STYLE = Automatic;
				CURRENT_PROJECT_VERSION = 1;
				DEVELOPMENT_TEAM = "";
				ENABLE_PREVIEWS = YES;
				GENERATE_INFOPLIST_FILE = YES;
				INFOPLIST_KEY_API_BASE_URL = "http://192.168.8.104:5001/api";
				INFOPLIST_KEY_CFBundleDisplayName = "A/L Revision Companion";
				INFOPLIST_KEY_CFBundleURLTypes_0_CFBundleTypeRole = Editor;
				INFOPLIST_KEY_CFBundleURLTypes_0_CFBundleURLName = academicatelier;
				INFOPLIST_KEY_CFBundleURLTypes_0_CFBundleURLSchemes_0 = academicatelier;
				INFOPLIST_KEY_NSAppTransportSecurity_NSAllowsLocalNetworking = YES;
				INFOPLIST_KEY_NSFaceIDUsageDescription = "Use Face ID to unlock your A/L Revision Companion session faster.";
				INFOPLIST_KEY_UIApplicationSceneManifest_Generation = YES;
				INFOPLIST_KEY_UIApplicationSupportsIndirectInputEvents = YES;
				INFOPLIST_KEY_UILaunchScreen_Generation = YES;
				INFOPLIST_KEY_UISupportedInterfaceOrientations_iPad = "UIInterfaceOrientationPortrait UIInterfaceOrientationPortraitUpsideDown UIInterfaceOrientationLandscapeLeft UIInterfaceOrientationLandscapeRight";
				INFOPLIST_KEY_UISupportedInterfaceOrientations_iPhone = "UIInterfaceOrientationPortrait UIInterfaceOrientationLandscapeLeft UIInterfaceOrientationLandscapeRight";
				LD_RUNPATH_SEARCH_PATHS = (
					"$(inherited)",
					"@executable_path/Frameworks",
				);
				MARKETING_VERSION = 1.0;
				PRODUCT_BUNDLE_IDENTIFIER = com.dilsha.alrevisioncompanion;
				PRODUCT_NAME = "$(TARGET_NAME)";
				SWIFT_EMIT_LOC_STRINGS = YES;
				SWIFT_MODULE_NAME = AL_Revision_Companion;
				SWIFT_VERSION = 5.0;
				TARGETED_DEVICE_FAMILY = "1,2";
			};
			name = Release;
		};
		39F8AEFE2F923FC200B4E3D3 /* Debug */ = {
			isa = XCBuildConfiguration;
			buildSettings = {
				BUNDLE_LOADER = "$(TEST_HOST)";
				CODE_SIGN_STYLE = Automatic;
				CURRENT_PROJECT_VERSION = 1;
				GENERATE_INFOPLIST_FILE = YES;
				IPHONEOS_DEPLOYMENT_TARGET = 18.5;
				MARKETING_VERSION = 1.0;
				PRODUCT_BUNDLE_IDENTIFIER = com.dilsha.alrevisioncompanionTests;
				PRODUCT_NAME = "$(TARGET_NAME)";
				SWIFT_EMIT_LOC_STRINGS = NO;
				SWIFT_VERSION = 5.0;
				TARGETED_DEVICE_FAMILY = "1,2";
				TEST_HOST = "$(BUILT_PRODUCTS_DIR)/AL Revision Companion.app/$(BUNDLE_EXECUTABLE_FOLDER_PATH)/AL Revision Companion";
			};
			name = Debug;
		};
		39F8AEFF2F923FC200B4E3D3 /* Release */ = {
			isa = XCBuildConfiguration;
			buildSettings = {
				BUNDLE_LOADER = "$(TEST_HOST)";
				CODE_SIGN_STYLE = Automatic;
				CURRENT_PROJECT_VERSION = 1;
				GENERATE_INFOPLIST_FILE = YES;
				IPHONEOS_DEPLOYMENT_TARGET = 18.5;
				MARKETING_VERSION = 1.0;
				PRODUCT_BUNDLE_IDENTIFIER = com.dilsha.alrevisioncompanionTests;
				PRODUCT_NAME = "$(TARGET_NAME)";
				SWIFT_EMIT_LOC_STRINGS = NO;
				SWIFT_VERSION = 5.0;
				TARGETED_DEVICE_FAMILY = "1,2";
				TEST_HOST = "$(BUILT_PRODUCTS_DIR)/AL Revision Companion.app/$(BUNDLE_EXECUTABLE_FOLDER_PATH)/AL Revision Companion";
			};
			name = Release;
		};
		39F8AF012F923FC200B4E3D3 /* Debug */ = {
			isa = XCBuildConfiguration;
			buildSettings = {
				CODE_SIGN_STYLE = Automatic;
				CURRENT_PROJECT_VERSION = 1;
				GENERATE_INFOPLIST_FILE = YES;
				MARKETING_VERSION = 1.0;
				PRODUCT_BUNDLE_IDENTIFIER = com.dilsha.alrevisioncompanionUITests;
				PRODUCT_NAME = "$(TARGET_NAME)";
				SWIFT_EMIT_LOC_STRINGS = NO;
				SWIFT_VERSION = 5.0;
				TARGETED_DEVICE_FAMILY = "1,2";
				TEST_TARGET_NAME = "AL Revision Companion";
			};
			name = Debug;
		};
		39F8AF022F923FC200B4E3D3 /* Release */ = {
			isa = XCBuildConfiguration;
			buildSettings = {
				CODE_SIGN_STYLE = Automatic;
				CURRENT_PROJECT_VERSION = 1;
				GENERATE_INFOPLIST_FILE = YES;
				MARKETING_VERSION = 1.0;
				PRODUCT_BUNDLE_IDENTIFIER = com.dilsha.alrevisioncompanionUITests;
				PRODUCT_NAME = "$(TARGET_NAME)";
				SWIFT_EMIT_LOC_STRINGS = NO;
				SWIFT_VERSION = 5.0;
				TARGETED_DEVICE_FAMILY = "1,2";
				TEST_TARGET_NAME = "AL Revision Companion";
			};
			name = Release;
		};
		7B4A101A2F923FC200B4E3D3 /* Debug */ = {
			isa = XCBuildConfiguration;
			buildSettings = {
				APPLICATION_EXTENSION_API_ONLY = YES;
				CODE_SIGN_ENTITLEMENTS = AcademicAtelierWidgetExtension/AcademicAtelierWidgetExtension.entitlements;
				CODE_SIGN_STYLE = Automatic;
				CURRENT_PROJECT_VERSION = 1;
				DEVELOPMENT_TEAM = "";
				GENERATE_INFOPLIST_FILE = NO;
				INFOPLIST_FILE = AcademicAtelierWidgetExtension/Info.plist;
				IPHONEOS_DEPLOYMENT_TARGET = 18.5;
				LD_RUNPATH_SEARCH_PATHS = (
					"$(inherited)",
					"@executable_path/Frameworks",
					"@executable_path/../../Frameworks",
				);
				MARKETING_VERSION = 1.0;
				PRODUCT_BUNDLE_IDENTIFIER = com.dilsha.alrevisioncompanion.widget;
				PRODUCT_NAME = "$(TARGET_NAME)";
				SKIP_INSTALL = YES;
				SWIFT_EMIT_LOC_STRINGS = YES;
				SWIFT_VERSION = 5.0;
				TARGETED_DEVICE_FAMILY = "1,2";
			};
			name = Debug;
		};
		7B4A101B2F923FC200B4E3D3 /* Release */ = {
			isa = XCBuildConfiguration;
			buildSettings = {
				APPLICATION_EXTENSION_API_ONLY = YES;
				CODE_SIGN_ENTITLEMENTS = AcademicAtelierWidgetExtension/AcademicAtelierWidgetExtension.entitlements;
				CODE_SIGN_STYLE = Automatic;
				CURRENT_PROJECT_VERSION = 1;
				DEVELOPMENT_TEAM = "";
				GENERATE_INFOPLIST_FILE = NO;
				INFOPLIST_FILE = AcademicAtelierWidgetExtension/Info.plist;
				IPHONEOS_DEPLOYMENT_TARGET = 18.5;
				LD_RUNPATH_SEARCH_PATHS = (
					"$(inherited)",
					"@executable_path/Frameworks",
					"@executable_path/../../Frameworks",
				);
				MARKETING_VERSION = 1.0;
				PRODUCT_BUNDLE_IDENTIFIER = com.dilsha.alrevisioncompanion.widget;
				PRODUCT_NAME = "$(TARGET_NAME)";
				SKIP_INSTALL = YES;
				SWIFT_EMIT_LOC_STRINGS = YES;
				SWIFT_VERSION = 5.0;
				TARGETED_DEVICE_FAMILY = "1,2";
			};
			name = Release;
		};
/* End XCBuildConfiguration section */

/* Begin XCConfigurationList section */
		39F8AED22F923FBF00B4E3D3 /* Build configuration list for PBXProject "Academic Atelier" */ = {
			isa = XCConfigurationList;
			buildConfigurations = (
				39F8AEF82F923FC200B4E3D3 /* Debug */,
				39F8AEF92F923FC200B4E3D3 /* Release */,
			);
			defaultConfigurationIsVisible = 0;
			defaultConfigurationName = Release;
		};
		39F8AEFA2F923FC200B4E3D3 /* Build configuration list for PBXNativeTarget "AL Revision Companion" */ = {
			isa = XCConfigurationList;
			buildConfigurations = (
				39F8AEFB2F923FC200B4E3D3 /* Debug */,
				39F8AEFC2F923FC200B4E3D3 /* Release */,
			);
			defaultConfigurationIsVisible = 0;
			defaultConfigurationName = Release;
		};
		39F8AEFD2F923FC200B4E3D3 /* Build configuration list for PBXNativeTarget "AL Revision CompanionTests" */ = {
			isa = XCConfigurationList;
			buildConfigurations = (
				39F8AEFE2F923FC200B4E3D3 /* Debug */,
				39F8AEFF2F923FC200B4E3D3 /* Release */,
			);
			defaultConfigurationIsVisible = 0;
			defaultConfigurationName = Release;
		};
		39F8AF002F923FC200B4E3D3 /* Build configuration list for PBXNativeTarget "AL Revision CompanionUITests" */ = {
			isa = XCConfigurationList;
			buildConfigurations = (
				39F8AF012F923FC200B4E3D3 /* Debug */,
				39F8AF022F923FC200B4E3D3 /* Release */,
			);
			defaultConfigurationIsVisible = 0;
			defaultConfigurationName = Release;
		};
		7B4A10192F923FC200B4E3D3 /* Build configuration list for PBXNativeTarget "AcademicAtelierWidgetExtension" */ = {
			isa = XCConfigurationList;
			buildConfigurations = (
				7B4A101A2F923FC200B4E3D3 /* Debug */,
				7B4A101B2F923FC200B4E3D3 /* Release */,
			);
			defaultConfigurationIsVisible = 0;
			defaultConfigurationName = Release;
		};
/* End XCConfigurationList section */
	};
	rootObject = 39F8AECF2F923FBF00B4E3D3 /* Project object */;
}
